
Microsoft Visual Studio Solution File, Format Version 12.00
# Visual Studio Version 16
VisualStudioVersion = 16.0.31005.135
MinimumVisualStudioVersion = 10.0.40219.1
Project("{FAE04EC0-301F-11D3-BF4B-00C04F79EFBC}") = "Toepassing 01 - Email Bestand", "Toepassing 01 - Email Bestand.csproj", "{32F71B9A-EFEA-495C-BD2F-4984816EE72F}"
EndProject
Global
	GlobalSection(SolutionConfigurationPlatforms) = preSolution
		Debug|Any CPU = Debug|Any CPU
		Release|Any CPU = Release|Any CPU
	EndGlobalSection
	GlobalSection(ProjectConfigurationPlatforms) = postSolution
		{32F71B9A-EFEA-495C-BD2F-4984816EE72F}.Debug|Any CPU.ActiveCfg = Debug|Any CPU
		{32F71B9A-EFEA-495C-BD2F-4984816EE72F}.Debug|Any CPU.Build.0 = Debug|Any CPU
		{32F71B9A-EFEA-495C-BD2F-4984816EE72F}.Release|Any CPU.ActiveCfg = Release|Any CPU
		{32F71B9A-EFEA-495C-BD2F-4984816EE72F}.Release|Any CPU.Build.0 = Release|Any CPU
	EndGlobalSection
	GlobalSection(SolutionProperties) = preSolution
		HideSolutionNode = FALSE
	EndGlobalSection
	GlobalSection(ExtensibilityGlobals) = postSolution
		SolutionGuid = {125E85DC-30F1-4E66-BEF5-63DC250EAB30}
	EndGlobalSection
EndGlobal
