
Microsoft Visual Studio Solution File, Format Version 12.00
# Visual Studio Version 16
VisualStudioVersion = 16.0.31005.135
MinimumVisualStudioVersion = 10.0.40219.1
Project("{FAE04EC0-301F-11D3-BF4B-00C04F79EFBC}") = "Blad Steen Schaar UI", "Blad Steen Schaar UI.csproj", "{ABD6CBB8-81A7-49C1-90C7-883D3FC33FCE}"
EndProject
Global
	GlobalSection(SolutionConfigurationPlatforms) = preSolution
		Debug|Any CPU = Debug|Any CPU
		Release|Any CPU = Release|Any CPU
	EndGlobalSection
	GlobalSection(ProjectConfigurationPlatforms) = postSolution
		{ABD6CBB8-81A7-49C1-90C7-883D3FC33FCE}.Debug|Any CPU.ActiveCfg = Debug|Any CPU
		{ABD6CBB8-81A7-49C1-90C7-883D3FC33FCE}.Debug|Any CPU.Build.0 = Debug|Any CPU
		{ABD6CBB8-81A7-49C1-90C7-883D3FC33FCE}.Release|Any CPU.ActiveCfg = Release|Any CPU
		{ABD6CBB8-81A7-49C1-90C7-883D3FC33FCE}.Release|Any CPU.Build.0 = Release|Any CPU
	EndGlobalSection
	GlobalSection(SolutionProperties) = preSolution
		HideSolutionNode = FALSE
	EndGlobalSection
	GlobalSection(ExtensibilityGlobals) = postSolution
		SolutionGuid = {C676A02B-5FDB-4854-BC86-569EC8243715}
	EndGlobalSection
EndGlobal
