
Microsoft Visual Studio Solution File, Format Version 12.00
# Visual Studio Version 16
VisualStudioVersion = 16.0.31005.135
MinimumVisualStudioVersion = 10.0.40219.1
Project("{FAE04EC0-301F-11D3-BF4B-00C04F79EFBC}") = "Les - Metingen zonnepanelen", "Les - Metingen zonnepanelen.csproj", "{2DE33B4E-7984-463F-AAFA-06A400F692A9}"
EndProject
Global
	GlobalSection(SolutionConfigurationPlatforms) = preSolution
		Debug|Any CPU = Debug|Any CPU
		Release|Any CPU = Release|Any CPU
	EndGlobalSection
	GlobalSection(ProjectConfigurationPlatforms) = postSolution
		{2DE33B4E-7984-463F-AAFA-06A400F692A9}.Debug|Any CPU.ActiveCfg = Debug|Any CPU
		{2DE33B4E-7984-463F-AAFA-06A400F692A9}.Debug|Any CPU.Build.0 = Debug|Any CPU
		{2DE33B4E-7984-463F-AAFA-06A400F692A9}.Release|Any CPU.ActiveCfg = Release|Any CPU
		{2DE33B4E-7984-463F-AAFA-06A400F692A9}.Release|Any CPU.Build.0 = Release|Any CPU
	EndGlobalSection
	GlobalSection(SolutionProperties) = preSolution
		HideSolutionNode = FALSE
	EndGlobalSection
	GlobalSection(ExtensibilityGlobals) = postSolution
		SolutionGuid = {37322331-8317-46F5-922B-50C5FE1992EC}
	EndGlobalSection
EndGlobal
